// !$*UTF8*$!
{
	archiveVersion = 1;
	classes = {
	};
	objectVersion = 55;
	objects = {

/* Begin PBXBuildFile section */
		AA84989A2760042700EF02E1 /* Tests_iOS.swift in Sources */ = {isa = PBXBuildFile; fileRef = AA8498992760042700EF02E1 /* Tests_iOS.swift */; };
		AA84989C2760042700EF02E1 /* Tests_iOSLaunchTests.swift in Sources */ = {isa = PBXBuildFile; fileRef = AA84989B2760042700EF02E1 /* Tests_iOSLaunchTests.swift */; };
		AA8498A62760042700EF02E1 /* Tests_macOS.swift in Sources */ = {isa = PBXBuildFile; fileRef = AA8498A52760042700EF02E1 /* Tests_macOS.swift */; };
		AA8498A82760042700EF02E1 /* Tests_macOSLaunchTests.swift in Sources */ = {isa = PBXBuildFile; fileRef = AA8498A72760042700EF02E1 /* Tests_macOSLaunchTests.swift */; };
		AA8498A92760042700EF02E1 /* FinanceTrackerApp.swift in Sources */ = {isa = PBXBuildFile; fileRef = AA8498812760042400EF02E1 /* FinanceTrackerApp.swift */; };
		AA8498AA2760042700EF02E1 /* FinanceTrackerApp.swift in Sources */ = {isa = PBXBuildFile; fileRef = AA8498812760042400EF02E1 /* FinanceTrackerApp.swift */; };
		AA8498AB2760042700EF02E1 /* ContentView.swift in Sources */ = {isa = PBXBuildFile; fileRef = AA8498822760042400EF02E1 /* ContentView.swift */; };
		AA8498AC2760042700EF02E1 /* ContentView.swift in Sources */ = {isa = PBXBuildFile; fileRef = AA8498822760042400EF02E1 /* ContentView.swift */; };
		AA8498AD2760042700EF02E1 /* Assets.xcassets in Resources */ = {isa = PBXBuildFile; fileRef = AA8498832760042700EF02E1 /* Assets.xcassets */; };
		AA8498AE2760042700EF02E1 /* Assets.xcassets in Resources */ = {isa = PBXBuildFile; fileRef = AA8498832760042700EF02E1 /* Assets.xcassets */; };
		AA8498BE2760053C00EF02E1 /* Item.swift in Sources */ = {isa = PBXBuildFile; fileRef = AA8498BD2760053C00EF02E1 /* Item.swift */; };
		AA8498BF2760053C00EF02E1 /* Item.swift in Sources */ = {isa = PBXBuildFile; fileRef = AA8498BD2760053C00EF02E1 /* Item.swift */; };
		AA8498C42760102C00EF02E1 /* ItemData.swift in Sources */ = {isa = PBXBuildFile; fileRef = AA8498C32760102C00EF02E1 /* ItemData.swift */; };
		AA8498C52760102C00EF02E1 /* ItemData.swift in Sources */ = {isa = PBXBuildFile; fileRef = AA8498C32760102C00EF02E1 /* ItemData.swift */; };
		AA8498CA27627DB000EF02E1 /* financeItems.json in Resources */ = {isa = PBXBuildFile; fileRef = AA8498C927627DB000EF02E1 /* financeItems.json */; };
		AA8498CB27627DB000EF02E1 /* financeItems.json in Resources */ = {isa = PBXBuildFile; fileRef = AA8498C927627DB000EF02E1 /* financeItems.json */; };
		AA8498CD2762878900EF02E1 /* ItemStore.swift in Sources */ = {isa = PBXBuildFile; fileRef = AA8498CC2762878900EF02E1 /* ItemStore.swift */; };
		AA8498CE2762878900EF02E1 /* ItemStore.swift in Sources */ = {isa = PBXBuildFile; fileRef = AA8498CC2762878900EF02E1 /* ItemStore.swift */; };
		AA8498D02762930B00EF02E1 /* ItemView.swift in Sources */ = {isa = PBXBuildFile; fileRef = AA8498CF2762930B00EF02E1 /* ItemView.swift */; };
		AA8498D12762930B00EF02E1 /* ItemView.swift in Sources */ = {isa = PBXBuildFile; fileRef = AA8498CF2762930B00EF02E1 /* ItemView.swift */; };
		AA8498D327629C3E00EF02E1 /* MainApp.swift in Sources */ = {isa = PBXBuildFile; fileRef = AA8498D227629C3E00EF02E1 /* MainApp.swift */; };
		AA8498D427629C3E00EF02E1 /* MainApp.swift in Sources */ = {isa = PBXBuildFile; fileRef = AA8498D227629C3E00EF02E1 /* MainApp.swift */; };
/* End PBXBuildFile section */

/* Begin PBXContainerItemProxy section */
		AA8498962760042700EF02E1 /* PBXContainerItemProxy */ = {
			isa = PBXContainerItemProxy;
			containerPortal = AA84987C2760042400EF02E1 /* Project object */;
			proxyType = 1;
			remoteGlobalIDString = AA8498872760042700EF02E1;
			remoteInfo = "FinanceTracker (iOS)";
		};
		AA8498A22760042700EF02E1 /* PBXContainerItemProxy */ = {
			isa = PBXContainerItemProxy;
			containerPortal = AA84987C2760042400EF02E1 /* Project object */;
			proxyType = 1;
			remoteGlobalIDString = AA84988D2760042700EF02E1;
			remoteInfo = "FinanceTracker (macOS)";
		};
/* End PBXContainerItemProxy section */

/* Begin PBXFileReference section */
		AA8498812760042400EF02E1 /* FinanceTrackerApp.swift */ = {isa = PBXFileReference; lastKnownFileType = sourcecode.swift; path = FinanceTrackerApp.swift; sourceTree = "<group>"; };
		AA8498822760042400EF02E1 /* ContentView.swift */ = {isa = PBXFileReference; lastKnownFileType = sourcecode.swift; path = ContentView.swift; sourceTree = "<group>"; };
		AA8498832760042700EF02E1 /* Assets.xcassets */ = {isa = PBXFileReference; lastKnownFileType = folder.assetcatalog; path = Assets.xcassets; sourceTree = "<group>"; };
		AA8498882760042700EF02E1 /* FinanceTracker.app */ = {isa = PBXFileReference; explicitFileType = wrapper.application; includeInIndex = 0; path = FinanceTracker.app; sourceTree = BUILT_PRODUCTS_DIR; };
		AA84988E2760042700EF02E1 /* FinanceTracker.app */ = {isa = PBXFileReference; explicitFileType = wrapper.application; includeInIndex = 0; path = FinanceTracker.app; sourceTree = BUILT_PRODUCTS_DIR; };
		AA8498902760042700EF02E1 /* macOS.entitlements */ = {isa = PBXFileReference; lastKnownFileType = text.plist.entitlements; path = macOS.entitlements; sourceTree = "<group>"; };
		AA8498952760042700EF02E1 /* Tests iOS.xctest */ = {isa = PBXFileReference; explicitFileType = wrapper.cfbundle; includeInIndex = 0; path = "Tests iOS.xctest"; sourceTree = BUILT_PRODUCTS_DIR; };
		AA8498992760042700EF02E1 /* Tests_iOS.swift */ = {isa = PBXFileReference; lastKnownFileType = sourcecode.swift; path = Tests_iOS.swift; sourceTree = "<group>"; };
		AA84989B2760042700EF02E1 /* Tests_iOSLaunchTests.swift */ = {isa = PBXFileReference; lastKnownFileType = sourcecode.swift; path = Tests_iOSLaunchTests.swift; sourceTree = "<group>"; };
		AA8498A12760042700EF02E1 /* Tests macOS.xctest */ = {isa = PBXFileReference; explicitFileType = wrapper.cfbundle; includeInIndex = 0; path = "Tests macOS.xctest"; sourceTree = BUILT_PRODUCTS_DIR; };
		AA8498A52760042700EF02E1 /* Tests_macOS.swift */ = {isa = PBXFileReference; lastKnownFileType = sourcecode.swift; path = Tests_macOS.swift; sourceTree = "<group>"; };
		AA8498A72760042700EF02E1 /* Tests_macOSLaunchTests.swift */ = {isa = PBXFileReference; lastKnownFileType = sourcecode.swift; path = Tests_macOSLaunchTests.swift; sourceTree = "<group>"; };
		AA8498BD2760053C00EF02E1 /* Item.swift */ = {isa = PBXFileReference; lastKnownFileType = sourcecode.swift; path = Item.swift; sourceTree = "<group>"; };
		AA8498C32760102C00EF02E1 /* ItemData.swift */ = {isa = PBXFileReference; lastKnownFileType = sourcecode.swift; path = ItemData.swift; sourceTree = "<group>"; };
		AA8498C927627DB000EF02E1 /* financeItems.json */ = {isa = PBXFileReference; fileEncoding = 4; lastKnownFileType = text.json; path = financeItems.json; sourceTree = "<group>"; };
		AA8498CC2762878900EF02E1 /* ItemStore.swift */ = {isa = PBXFileReference; lastKnownFileType = sourcecode.swift; path = ItemStore.swift; sourceTree = "<group>"; };
		AA8498CF2762930B00EF02E1 /* ItemView.swift */ = {isa = PBXFileReference; lastKnownFileType = sourcecode.swift; path = ItemView.swift; sourceTree = "<group>"; };
		AA8498D227629C3E00EF02E1 /* MainApp.swift */ = {isa = PBXFileReference; lastKnownFileType = sourcecode.swift; path = MainApp.swift; sourceTree = "<group>"; };
/* End PBXFileReference section */

/* Begin PBXFrameworksBuildPhase section */
		AA8498852760042700EF02E1 /* Frameworks */ = {
			isa = PBXFrameworksBuildPhase;
			buildActionMask = 2147483647;
			files = (
			);
			runOnlyForDeploymentPostprocessing = 0;
		};
		AA84988B2760042700EF02E1 /* Frameworks */ = {
			isa = PBXFrameworksBuildPhase;
			buildActionMask = 2147483647;
			files = (
			);
			runOnlyForDeploymentPostprocessing = 0;
		};
		AA8498922760042700EF02E1 /* Frameworks */ = {
			isa = PBXFrameworksBuildPhase;
			buildActionMask = 2147483647;
			files = (
			);
			runOnlyForDeploymentPostprocessing = 0;
		};
		AA84989E2760042700EF02E1 /* Frameworks */ = {
			isa = PBXFrameworksBuildPhase;
			buildActionMask = 2147483647;
			files = (
			);
			runOnlyForDeploymentPostprocessing = 0;
		};
/* End PBXFrameworksBuildPhase section */

/* Begin PBXGroup section */
		AA84987B2760042400EF02E1 = {
			isa = PBXGroup;
			children = (
				AA8498802760042400EF02E1 /* Shared */,
				AA84988F2760042700EF02E1 /* macOS */,
				AA8498982760042700EF02E1 /* Tests iOS */,
				AA8498A42760042700EF02E1 /* Tests macOS */,
				AA8498892760042700EF02E1 /* Products */,
			);
			sourceTree = "<group>";
		};
		AA8498802760042400EF02E1 /* Shared */ = {
			isa = PBXGroup;
			children = (
				AA8498812760042400EF02E1 /* FinanceTrackerApp.swift */,
				AA8498C927627DB000EF02E1 /* financeItems.json */,
				AA8498822760042400EF02E1 /* ContentView.swift */,
				AA8498D227629C3E00EF02E1 /* MainApp.swift */,
				AA8498CF2762930B00EF02E1 /* ItemView.swift */,
				AA8498C32760102C00EF02E1 /* ItemData.swift */,
				AA8498BD2760053C00EF02E1 /* Item.swift */,
				AA8498CC2762878900EF02E1 /* ItemStore.swift */,
				AA8498832760042700EF02E1 /* Assets.xcassets */,
			);
			path = Shared;
			sourceTree = "<group>";
		};
		AA8498892760042700EF02E1 /* Products */ = {
			isa = PBXGroup;
			children = (
				AA8498882760042700EF02E1 /* FinanceTracker.app */,
				AA84988E2760042700EF02E1 /* FinanceTracker.app */,
				AA8498952760042700EF02E1 /* Tests iOS.xctest */,
				AA8498A12760042700EF02E1 /* Tests macOS.xctest */,
			);
			name = Products;
			sourceTree = "<group>";
		};
		AA84988F2760042700EF02E1 /* macOS */ = {
			isa = PBXGroup;
			children = (
				AA8498902760042700EF02E1 /* macOS.entitlements */,
			);
			path = macOS;
			sourceTree = "<group>";
		};
		AA8498982760042700EF02E1 /* Tests iOS */ = {
			isa = PBXGroup;
			children = (
				AA8498992760042700EF02E1 /* Tests_iOS.swift */,
				AA84989B2760042700EF02E1 /* Tests_iOSLaunchTests.swift */,
			);
			path = "Tests iOS";
			sourceTree = "<group>";
		};
		AA8498A42760042700EF02E1 /* Tests macOS */ = {
			isa = PBXGroup;
			children = (
				AA8498A52760042700EF02E1 /* Tests_macOS.swift */,
				AA8498A72760042700EF02E1 /* Tests_macOSLaunchTests.swift */,
			);
			path = "Tests macOS";
			sourceTree = "<group>";
		};
/* End PBXGroup section */

/* Begin PBXNativeTarget section */
		AA8498872760042700EF02E1 /* FinanceTracker (iOS) */ = {
			isa = PBXNativeTarget;
			buildConfigurationList = AA8498B12760042700EF02E1 /* Build configuration list for PBXNativeTarget "FinanceTracker (iOS)" */;
			buildPhases = (
				AA8498842760042700EF02E1 /* Sources */,
				AA8498852760042700EF02E1 /* Frameworks */,
				AA8498862760042700EF02E1 /* Resources */,
			);
			buildRules = (
			);
			dependencies = (
			);
			name = "FinanceTracker (iOS)";
			productName = "FinanceTracker (iOS)";
			productReference = AA8498882760042700EF02E1 /* FinanceTracker.app */;
			productType = "com.apple.product-type.application";
		};
		AA84988D2760042700EF02E1 /* FinanceTracker (macOS) */ = {
			isa = PBXNativeTarget;
			buildConfigurationList = AA8498B42760042700EF02E1 /* Build configuration list for PBXNativeTarget "FinanceTracker (macOS)" */;
			buildPhases = (
				AA84988A2760042700EF02E1 /* Sources */,
				AA84988B2760042700EF02E1 /* Frameworks */,
				AA84988C2760042700EF02E1 /* Resources */,
			);
			buildRules = (
			);
			dependencies = (
			);
			name = "FinanceTracker (macOS)";
			productName = "FinanceTracker (macOS)";
			productReference = AA84988E2760042700EF02E1 /* FinanceTracker.app */;
			productType = "com.apple.product-type.application";
		};
		AA8498942760042700EF02E1 /* Tests iOS */ = {
			isa = PBXNativeTarget;
			buildConfigurationList = AA8498B72760042700EF02E1 /* Build configuration list for PBXNativeTarget "Tests iOS" */;
			buildPhases = (
				AA8498912760042700EF02E1 /* Sources */,
				AA8498922760042700EF02E1 /* Frameworks */,
				AA8498932760042700EF02E1 /* Resources */,
			);
			buildRules = (
			);
			dependencies = (
				AA8498972760042700EF02E1 /* PBXTargetDependency */,
			);
			name = "Tests iOS";
			productName = "Tests iOS";
			productReference = AA8498952760042700EF02E1 /* Tests iOS.xctest */;
			productType = "com.apple.product-type.bundle.ui-testing";
		};
		AA8498A02760042700EF02E1 /* Tests macOS */ = {
			isa = PBXNativeTarget;
			buildConfigurationList = AA8498BA2760042700EF02E1 /* Build configuration list for PBXNativeTarget "Tests macOS" */;
			buildPhases = (
				AA84989D2760042700EF02E1 /* Sources */,
				AA84989E2760042700EF02E1 /* Frameworks */,
				AA84989F2760042700EF02E1 /* Resources */,
			);
			buildRules = (
			);
			dependencies = (
				AA8498A32760042700EF02E1 /* PBXTargetDependency */,
			);
			name = "Tests macOS";
			productName = "Tests macOS";
			productReference = AA8498A12760042700EF02E1 /* Tests macOS.xctest */;
			productType = "com.apple.product-type.bundle.ui-testing";
		};
/* End PBXNativeTarget section */

/* Begin PBXProject section */
		AA84987C2760042400EF02E1 /* Project object */ = {
			isa = PBXProject;
			attributes = {
				BuildIndependentTargetsInParallel = 1;
				LastSwiftUpdateCheck = 1300;
				LastUpgradeCheck = 1300;
				TargetAttributes = {
					AA8498872760042700EF02E1 = {
						CreatedOnToolsVersion = 13.0;
					};
					AA84988D2760042700EF02E1 = {
						CreatedOnToolsVersion = 13.0;
					};
					AA8498942760042700EF02E1 = {
						CreatedOnToolsVersion = 13.0;
						TestTargetID = AA8498872760042700EF02E1;
					};
					AA8498A02760042700EF02E1 = {
						CreatedOnToolsVersion = 13.0;
						TestTargetID = AA84988D2760042700EF02E1;
					};
				};
			};
			buildConfigurationList = AA84987F2760042400EF02E1 /* Build configuration list for PBXProject "FinanceTracker" */;
			compatibilityVersion = "Xcode 13.0";
			developmentRegion = en;
			hasScannedForEncodings = 0;
			knownRegions = (
				en,
				Base,
			);
			mainGroup = AA84987B2760042400EF02E1;
			productRefGroup = AA8498892760042700EF02E1 /* Products */;
			projectDirPath = "";
			projectRoot = "";
			targets = (
				AA8498872760042700EF02E1 /* FinanceTracker (iOS) */,
				AA84988D2760042700EF02E1 /* FinanceTracker (macOS) */,
				AA8498942760042700EF02E1 /* Tests iOS */,
				AA8498A02760042700EF02E1 /* Tests macOS */,
			);
		};
/* End PBXProject section */

/* Begin PBXResourcesBuildPhase section */
		AA8498862760042700EF02E1 /* Resources */ = {
			isa = PBXResourcesBuildPhase;
			buildActionMask = 2147483647;
			files = (
				AA8498AD2760042700EF02E1 /* Assets.xcassets in Resources */,
				AA8498CA27627DB000EF02E1 /* financeItems.json in Resources */,
			);
			runOnlyForDeploymentPostprocessing = 0;
		};
		AA84988C2760042700EF02E1 /* Resources */ = {
			isa = PBXResourcesBuildPhase;
			buildActionMask = 2147483647;
			files = (
				AA8498AE2760042700EF02E1 /* Assets.xcassets in Resources */,
				AA8498CB27627DB000EF02E1 /* financeItems.json in Resources */,
			);
			runOnlyForDeploymentPostprocessing = 0;
		};
		AA8498932760042700EF02E1 /* Resources */ = {
			isa = PBXResourcesBuildPhase;
			buildActionMask = 2147483647;
			files = (
			);
			runOnlyForDeploymentPostprocessing = 0;
		};
		AA84989F2760042700EF02E1 /* Resources */ = {
			isa = PBXResourcesBuildPhase;
			buildActionMask = 2147483647;
			files = (
			);
			runOnlyForDeploymentPostprocessing = 0;
		};
/* End PBXResourcesBuildPhase section */

/* Begin PBXSourcesBuildPhase section */
		AA8498842760042700EF02E1 /* Sources */ = {
			isa = PBXSourcesBuildPhase;
			buildActionMask = 2147483647;
			files = (
				AA8498AB2760042700EF02E1 /* ContentView.swift in Sources */,
				AA8498D02762930B00EF02E1 /* ItemView.swift in Sources */,
				AA8498D327629C3E00EF02E1 /* MainApp.swift in Sources */,
				AA8498BE2760053C00EF02E1 /* Item.swift in Sources */,
				AA8498A92760042700EF02E1 /* FinanceTrackerApp.swift in Sources */,
				AA8498CD2762878900EF02E1 /* ItemStore.swift in Sources */,
				AA8498C42760102C00EF02E1 /* ItemData.swift in Sources */,
			);
			runOnlyForDeploymentPostprocessing = 0;
		};
		AA84988A2760042700EF02E1 /* Sources */ = {
			isa = PBXSourcesBuildPhase;
			buildActionMask = 2147483647;
			files = (
				AA8498AC2760042700EF02E1 /* ContentView.swift in Sources */,
				AA8498D12762930B00EF02E1 /* ItemView.swift in Sources */,
				AA8498D427629C3E00EF02E1 /* MainApp.swift in Sources */,
				AA8498BF2760053C00EF02E1 /* Item.swift in Sources */,
				AA8498AA2760042700EF02E1 /* FinanceTrackerApp.swift in Sources */,
				AA8498CE2762878900EF02E1 /* ItemStore.swift in Sources */,
				AA8498C52760102C00EF02E1 /* ItemData.swift in Sources */,
			);
			runOnlyForDeploymentPostprocessing = 0;
		};
		AA8498912760042700EF02E1 /* Sources */ = {
			isa = PBXSourcesBuildPhase;
			buildActionMask = 2147483647;
			files = (
				AA84989C2760042700EF02E1 /* Tests_iOSLaunchTests.swift in Sources */,
				AA84989A2760042700EF02E1 /* Tests_iOS.swift in Sources */,
			);
			runOnlyForDeploymentPostprocessing = 0;
		};
		AA84989D2760042700EF02E1 /* Sources */ = {
			isa = PBXSourcesBuildPhase;
			buildActionMask = 2147483647;
			files = (
				AA8498A82760042700EF02E1 /* Tests_macOSLaunchTests.swift in Sources */,
				AA8498A62760042700EF02E1 /* Tests_macOS.swift in Sources */,
			);
			runOnlyForDeploymentPostprocessing = 0;
		};
/* End PBXSourcesBuildPhase section */

/* Begin PBXTargetDependency section */
		AA8498972760042700EF02E1 /* PBXTargetDependency */ = {
			isa = PBXTargetDependency;
			target = AA8498872760042700EF02E1 /* FinanceTracker (iOS) */;
			targetProxy = AA8498962760042700EF02E1 /* PBXContainerItemProxy */;
		};
		AA8498A32760042700EF02E1 /* PBXTargetDependency */ = {
			isa = PBXTargetDependency;
			target = AA84988D2760042700EF02E1 /* FinanceTracker (macOS) */;
			targetProxy = AA8498A22760042700EF02E1 /* PBXContainerItemProxy */;
		};
/* End PBXTargetDependency section */

/* Begin XCBuildConfiguration section */
		AA8498AF2760042700EF02E1 /* Debug */ = {
			isa = XCBuildConfiguration;
			buildSettings = {
				ALWAYS_SEARCH_USER_PATHS = NO;
				CLANG_ANALYZER_NONNULL = YES;
				CLANG_ANALYZER_NUMBER_OBJECT_CONVERSION = YES_AGGRESSIVE;
				CLANG_CXX_LANGUAGE_STANDARD = "gnu++17";
				CLANG_CXX_LIBRARY = "libc++";
				CLANG_ENABLE_MODULES = YES;
				CLANG_ENABLE_OBJC_ARC = YES;
				CLANG_ENABLE_OBJC_WEAK = YES;
				CLANG_WARN_BLOCK_CAPTURE_AUTORELEASING = YES;
				CLANG_WARN_BOOL_CONVERSION = YES;
				CLANG_WARN_COMMA = YES;
				CLANG_WARN_CONSTANT_CONVERSION = YES;
				CLANG_WARN_DEPRECATED_OBJC_IMPLEMENTATIONS = YES;
				CLANG_WARN_DIRECT_OBJC_ISA_USAGE = YES_ERROR;
				CLANG_WARN_DOCUMENTATION_COMMENTS = YES;
				CLANG_WARN_EMPTY_BODY = YES;
				CLANG_WARN_ENUM_CONVERSION = YES;
				CLANG_WARN_INFINITE_RECURSION = YES;
				CLANG_WARN_INT_CONVERSION = YES;
				CLANG_WARN_NON_LITERAL_NULL_CONVERSION = YES;
				CLANG_WARN_OBJC_IMPLICIT_RETAIN_SELF = YES;
				CLANG_WARN_OBJC_LITERAL_CONVERSION = YES;
				CLANG_WARN_OBJC_ROOT_CLASS = YES_ERROR;
				CLANG_WARN_QUOTED_INCLUDE_IN_FRAMEWORK_HEADER = YES;
				CLANG_WARN_RANGE_LOOP_ANALYSIS = YES;
				CLANG_WARN_STRICT_PROTOTYPES = YES;
				CLANG_WARN_SUSPICIOUS_MOVE = YES;
				CLANG_WARN_UNGUARDED_AVAILABILITY = YES_AGGRESSIVE;
				CLANG_WARN_UNREACHABLE_CODE = YES;
				CLANG_WARN__DUPLICATE_METHOD_MATCH = YES;
				COPY_PHASE_STRIP = NO;
				DEBUG_INFORMATION_FORMAT = dwarf;
				ENABLE_STRICT_OBJC_MSGSEND = YES;
				ENABLE_TESTABILITY = YES;
				GCC_C_LANGUAGE_STANDARD = gnu11;
				GCC_DYNAMIC_NO_PIC = NO;
				GCC_NO_COMMON_BLOCKS = YES;
				GCC_OPTIMIZATION_LEVEL = 0;
				GCC_PREPROCESSOR_DEFINITIONS = (
					"DEBUG=1",
					"$(inherited)",
				);
				GCC_WARN_64_TO_32_BIT_CONVERSION = YES;
				GCC_WARN_ABOUT_RETURN_TYPE = YES_ERROR;
				GCC_WARN_UNDECLARED_SELECTOR = YES;
				GCC_WARN_UNINITIALIZED_AUTOS = YES_AGGRESSIVE;
				GCC_WARN_UNUSED_FUNCTION = YES;
				GCC_WARN_UNUSED_VARIABLE = YES;
				MTL_ENABLE_DEBUG_INFO = INCLUDE_SOURCE;
				MTL_FAST_MATH = YES;
				ONLY_ACTIVE_ARCH = YES;
				SWIFT_ACTIVE_COMPILATION_CONDITIONS = DEBUG;
				SWIFT_OPTIMIZATION_LEVEL = "-Onone";
			};
			name = Debug;
		};
		AA8498B02760042700EF02E1 /* Release */ = {
			isa = XCBuildConfiguration;
			buildSettings = {
				ALWAYS_SEARCH_USER_PATHS = NO;
				CLANG_ANALYZER_NONNULL = YES;
				CLANG_ANALYZER_NUMBER_OBJECT_CONVERSION = YES_AGGRESSIVE;
				CLANG_CXX_LANGUAGE_STANDARD = "gnu++17";
				CLANG_CXX_LIBRARY = "libc++";
				CLANG_ENABLE_MODULES = YES;
				CLANG_ENABLE_OBJC_ARC = YES;
				CLANG_ENABLE_OBJC_WEAK = YES;
				CLANG_WARN_BLOCK_CAPTURE_AUTORELEASING = YES;
				CLANG_WARN_BOOL_CONVERSION = YES;
				CLANG_WARN_COMMA = YES;
				CLANG_WARN_CONSTANT_CONVERSION = YES;
				CLANG_WARN_DEPRECATED_OBJC_IMPLEMENTATIONS = YES;
				CLANG_WARN_DIRECT_OBJC_ISA_USAGE = YES_ERROR;
				CLANG_WARN_DOCUMENTATION_COMMENTS = YES;
				CLANG_WARN_EMPTY_BODY = YES;
				CLANG_WARN_ENUM_CONVERSION = YES;
				CLANG_WARN_INFINITE_RECURSION = YES;
				CLANG_WARN_INT_CONVERSION = YES;
				CLANG_WARN_NON_LITERAL_NULL_CONVERSION = YES;
				CLANG_WARN_OBJC_IMPLICIT_RETAIN_SELF = YES;
				CLANG_WARN_OBJC_LITERAL_CONVERSION = YES;
				CLANG_WARN_OBJC_ROOT_CLASS = YES_ERROR;
				CLANG_WARN_QUOTED_INCLUDE_IN_FRAMEWORK_HEADER = YES;
				CLANG_WARN_RANGE_LOOP_ANALYSIS = YES;
				CLANG_WARN_STRICT_PROTOTYPES = YES;
				CLANG_WARN_SUSPICIOUS_MOVE = YES;
				CLANG_WARN_UNGUARDED_AVAILABILITY = YES_AGGRESSIVE;
				CLANG_WARN_UNREACHABLE_CODE = YES;
				CLANG_WARN__DUPLICATE_METHOD_MATCH = YES;
				COPY_PHASE_STRIP = NO;
				DEBUG_INFORMATION_FORMAT = "dwarf-with-dsym";
				ENABLE_NS_ASSERTIONS = NO;
				ENABLE_STRICT_OBJC_MSGSEND = YES;
				GCC_C_LANGUAGE_STANDARD = gnu11;
				GCC_NO_COMMON_BLOCKS = YES;
				GCC_WARN_64_TO_32_BIT_CONVERSION = YES;
				GCC_WARN_ABOUT_RETURN_TYPE = YES_ERROR;
				GCC_WARN_UNDECLARED_SELECTOR = YES;
				GCC_WARN_UNINITIALIZED_AUTOS = YES_AGGRESSIVE;
				GCC_WARN_UNUSED_FUNCTION = YES;
				GCC_WARN_UNUSED_VARIABLE = YES;
				MTL_ENABLE_DEBUG_INFO = NO;
				MTL_FAST_MATH = YES;
				SWIFT_COMPILATION_MODE = wholemodule;
				SWIFT_OPTIMIZATION_LEVEL = "-O";
			};
			name = Release;
		};
		AA8498B22760042700EF02E1 /* Debug */ = {
			isa = XCBuildConfiguration;
			buildSettings = {
				ASSETCATALOG_COMPILER_APPICON_NAME = AppIcon;
				ASSETCATALOG_COMPILER_GLOBAL_ACCENT_COLOR_NAME = AccentColor;
				CODE_SIGN_STYLE = Automatic;
				CURRENT_PROJECT_VERSION = 1;
				DEVELOPMENT_TEAM = QGL5SFKY25;
				ENABLE_PREVIEWS = YES;
				GENERATE_INFOPLIST_FILE = YES;
				INFOPLIST_KEY_UIApplicationSceneManifest_Generation = YES;
				INFOPLIST_KEY_UIApplicationSupportsIndirectInputEvents = YES;
				INFOPLIST_KEY_UILaunchScreen_Generation = YES;
				INFOPLIST_KEY_UISupportedInterfaceOrientations_iPad = "UIInterfaceOrientationPortrait UIInterfaceOrientationPortraitUpsideDown UIInterfaceOrientationLandscapeLeft UIInterfaceOrientationLandscapeRight";
				INFOPLIST_KEY_UISupportedInterfaceOrientations_iPhone = "UIInterfaceOrientationPortrait UIInterfaceOrientationLandscapeLeft UIInterfaceOrientationLandscapeRight";
				IPHONEOS_DEPLOYMENT_TARGET = 14.0;
				LD_RUNPATH_SEARCH_PATHS = (
					"$(inherited)",
					"@executable_path/Frameworks",
				);
				MARKETING_VERSION = 1.0;
				PRODUCT_BUNDLE_IDENTIFIER = rmillares.FinanceTracker;
				PRODUCT_NAME = FinanceTracker;
				SDKROOT = iphoneos;
				SWIFT_EMIT_LOC_STRINGS = YES;
				SWIFT_VERSION = 5.0;
				TARGETED_DEVICE_FAMILY = "1,2";
			};
			name = Debug;
		};
		AA8498B32760042700EF02E1 /* Release */ = {
			isa = XCBuildConfiguration;
			buildSettings = {
				ASSETCATALOG_COMPILER_APPICON_NAME = AppIcon;
				ASSETCATALOG_COMPILER_GLOBAL_ACCENT_COLOR_NAME = AccentColor;
				CODE_SIGN_STYLE = Automatic;
				CURRENT_PROJECT_VERSION = 1;
				DEVELOPMENT_TEAM = QGL5SFKY25;
				ENABLE_PREVIEWS = YES;
				GENERATE_INFOPLIST_FILE = YES;
				INFOPLIST_KEY_UIApplicationSceneManifest_Generation = YES;
				INFOPLIST_KEY_UIApplicationSupportsIndirectInputEvents = YES;
				INFOPLIST_KEY_UILaunchScreen_Generation = YES;
				INFOPLIST_KEY_UISupportedInterfaceOrientations_iPad = "UIInterfaceOrientationPortrait UIInterfaceOrientationPortraitUpsideDown UIInterfaceOrientationLandscapeLeft UIInterfaceOrientationLandscapeRight";
				INFOPLIST_KEY_UISupportedInterfaceOrientations_iPhone = "UIInterfaceOrientationPortrait UIInterfaceOrientationLandscapeLeft UIInterfaceOrientationLandscapeRight";
				IPHONEOS_DEPLOYMENT_TARGET = 14.0;
				LD_RUNPATH_SEARCH_PATHS = (
					"$(inherited)",
					"@executable_path/Frameworks",
				);
				MARKETING_VERSION = 1.0;
				PRODUCT_BUNDLE_IDENTIFIER = rmillares.FinanceTracker;
				PRODUCT_NAME = FinanceTracker;
				SDKROOT = iphoneos;
				SWIFT_EMIT_LOC_STRINGS = YES;
				SWIFT_VERSION = 5.0;
				TARGETED_DEVICE_FAMILY = "1,2";
				VALIDATE_PRODUCT = YES;
			};
			name = Release;
		};
		AA8498B52760042700EF02E1 /* Debug */ = {
			isa = XCBuildConfiguration;
			buildSettings = {
				ASSETCATALOG_COMPILER_APPICON_NAME = AppIcon;
				ASSETCATALOG_COMPILER_GLOBAL_ACCENT_COLOR_NAME = AccentColor;
				CODE_SIGN_ENTITLEMENTS = macOS/macOS.entitlements;
				CODE_SIGN_STYLE = Automatic;
				COMBINE_HIDPI_IMAGES = YES;
				CURRENT_PROJECT_VERSION = 1;
				DEVELOPMENT_TEAM = QGL5SFKY25;
				ENABLE_HARDENED_RUNTIME = YES;
				ENABLE_PREVIEWS = YES;
				GENERATE_INFOPLIST_FILE = YES;
				INFOPLIST_KEY_NSHumanReadableCopyright = "";
				LD_RUNPATH_SEARCH_PATHS = (
					"$(inherited)",
					"@executable_path/../Frameworks",
				);
				MACOSX_DEPLOYMENT_TARGET = 11.0;
				MARKETING_VERSION = 1.0;
				PRODUCT_BUNDLE_IDENTIFIER = rmillares.FinanceTracker;
				PRODUCT_NAME = FinanceTracker;
				SDKROOT = macosx;
				SWIFT_EMIT_LOC_STRINGS = YES;
				SWIFT_VERSION = 5.0;
			};
			name = Debug;
		};
		AA8498B62760042700EF02E1 /* Release */ = {
			isa = XCBuildConfiguration;
			buildSettings = {
				ASSETCATALOG_COMPILER_APPICON_NAME = AppIcon;
				ASSETCATALOG_COMPILER_GLOBAL_ACCENT_COLOR_NAME = AccentColor;
				CODE_SIGN_ENTITLEMENTS = macOS/macOS.entitlements;
				CODE_SIGN_STYLE = Automatic;
				COMBINE_HIDPI_IMAGES = YES;
				CURRENT_PROJECT_VERSION = 1;
				DEVELOPMENT_TEAM = QGL5SFKY25;
				ENABLE_HARDENED_RUNTIME = YES;
				ENABLE_PREVIEWS = YES;
				GENERATE_INFOPLIST_FILE = YES;
				INFOPLIST_KEY_NSHumanReadableCopyright = "";
				LD_RUNPATH_SEARCH_PATHS = (
					"$(inherited)",
					"@executable_path/../Frameworks",
				);
				MACOSX_DEPLOYMENT_TARGET = 11.0;
				MARKETING_VERSION = 1.0;
				PRODUCT_BUNDLE_IDENTIFIER = rmillares.FinanceTracker;
				PRODUCT_NAME = FinanceTracker;
				SDKROOT = macosx;
				SWIFT_EMIT_LOC_STRINGS = YES;
				SWIFT_VERSION = 5.0;
			};
			name = Release;
		};
		AA8498B82760042700EF02E1 /* Debug */ = {
			isa = XCBuildConfiguration;
			buildSettings = {
				ALWAYS_EMBED_SWIFT_STANDARD_LIBRARIES = YES;
				CODE_SIGN_STYLE = Automatic;
				CURRENT_PROJECT_VERSION = 1;
				DEVELOPMENT_TEAM = QGL5SFKY25;
				GENERATE_INFOPLIST_FILE = YES;
				IPHONEOS_DEPLOYMENT_TARGET = 15.0;
				LD_RUNPATH_SEARCH_PATHS = (
					"$(inherited)",
					"@executable_path/Frameworks",
					"@loader_path/Frameworks",
				);
				MARKETING_VERSION = 1.0;
				PRODUCT_BUNDLE_IDENTIFIER = "rmillares.Tests-iOS";
				PRODUCT_NAME = "$(TARGET_NAME)";
				SDKROOT = iphoneos;
				SWIFT_EMIT_LOC_STRINGS = NO;
				SWIFT_VERSION = 5.0;
				TARGETED_DEVICE_FAMILY = "1,2";
				TEST_TARGET_NAME = "FinanceTracker (iOS)";
			};
			name = Debug;
		};
		AA8498B92760042700EF02E1 /* Release */ = {
			isa = XCBuildConfiguration;
			buildSettings = {
				ALWAYS_EMBED_SWIFT_STANDARD_LIBRARIES = YES;
				CODE_SIGN_STYLE = Automatic;
				CURRENT_PROJECT_VERSION = 1;
				DEVELOPMENT_TEAM = QGL5SFKY25;
				GENERATE_INFOPLIST_FILE = YES;
				IPHONEOS_DEPLOYMENT_TARGET = 15.0;
				LD_RUNPATH_SEARCH_PATHS = (
					"$(inherited)",
					"@executable_path/Frameworks",
					"@loader_path/Frameworks",
				);
				MARKETING_VERSION = 1.0;
				PRODUCT_BUNDLE_IDENTIFIER = "rmillares.Tests-iOS";
				PRODUCT_NAME = "$(TARGET_NAME)";
				SDKROOT = iphoneos;
				SWIFT_EMIT_LOC_STRINGS = NO;
				SWIFT_VERSION = 5.0;
				TARGETED_DEVICE_FAMILY = "1,2";
				TEST_TARGET_NAME = "FinanceTracker (iOS)";
				VALIDATE_PRODUCT = YES;
			};
			name = Release;
		};
		AA8498BB2760042700EF02E1 /* Debug */ = {
			isa = XCBuildConfiguration;
			buildSettings = {
				ALWAYS_EMBED_SWIFT_STANDARD_LIBRARIES = YES;
				CODE_SIGN_STYLE = Automatic;
				COMBINE_HIDPI_IMAGES = YES;
				CURRENT_PROJECT_VERSION = 1;
				DEVELOPMENT_TEAM = QGL5SFKY25;
				GENERATE_INFOPLIST_FILE = YES;
				LD_RUNPATH_SEARCH_PATHS = (
					"$(inherited)",
					"@executable_path/../Frameworks",
					"@loader_path/../Frameworks",
				);
				MACOSX_DEPLOYMENT_TARGET = 11.3;
				MARKETING_VERSION = 1.0;
				PRODUCT_BUNDLE_IDENTIFIER = "rmillares.Tests-macOS";
				PRODUCT_NAME = "$(TARGET_NAME)";
				SDKROOT = macosx;
				SWIFT_EMIT_LOC_STRINGS = NO;
				SWIFT_VERSION = 5.0;
				TEST_TARGET_NAME = "FinanceTracker (macOS)";
			};
			name = Debug;
		};
		AA8498BC2760042700EF02E1 /* Release */ = {
			isa = XCBuildConfiguration;
			buildSettings = {
				ALWAYS_EMBED_SWIFT_STANDARD_LIBRARIES = YES;
				CODE_SIGN_STYLE = Automatic;
				COMBINE_HIDPI_IMAGES = YES;
				CURRENT_PROJECT_VERSION = 1;
				DEVELOPMENT_TEAM = QGL5SFKY25;
				GENERATE_INFOPLIST_FILE = YES;
				LD_RUNPATH_SEARCH_PATHS = (
					"$(inherited)",
					"@executable_path/../Frameworks",
					"@loader_path/../Frameworks",
				);
				MACOSX_DEPLOYMENT_TARGET = 11.3;
				MARKETING_VERSION = 1.0;
				PRODUCT_BUNDLE_IDENTIFIER = "rmillares.Tests-macOS";
				PRODUCT_NAME = "$(TARGET_NAME)";
				SDKROOT = macosx;
				SWIFT_EMIT_LOC_STRINGS = NO;
				SWIFT_VERSION = 5.0;
				TEST_TARGET_NAME = "FinanceTracker (macOS)";
			};
			name = Release;
		};
/* End XCBuildConfiguration section */

/* Begin XCConfigurationList section */
		AA84987F2760042400EF02E1 /* Build configuration list for PBXProject "FinanceTracker" */ = {
			isa = XCConfigurationList;
			buildConfigurations = (
				AA8498AF2760042700EF02E1 /* Debug */,
				AA8498B02760042700EF02E1 /* Release */,
			);
			defaultConfigurationIsVisible = 0;
			defaultConfigurationName = Release;
		};
		AA8498B12760042700EF02E1 /* Build configuration list for PBXNativeTarget "FinanceTracker (iOS)" */ = {
			isa = XCConfigurationList;
			buildConfigurations = (
				AA8498B22760042700EF02E1 /* Debug */,
				AA8498B32760042700EF02E1 /* Release */,
			);
			defaultConfigurationIsVisible = 0;
			defaultConfigurationName = Release;
		};
		AA8498B42760042700EF02E1 /* Build configuration list for PBXNativeTarget "FinanceTracker (macOS)" */ = {
			isa = XCConfigurationList;
			buildConfigurations = (
				AA8498B52760042700EF02E1 /* Debug */,
				AA8498B62760042700EF02E1 /* Release */,
			);
			defaultConfigurationIsVisible = 0;
			defaultConfigurationName = Release;
		};
		AA8498B72760042700EF02E1 /* Build configuration list for PBXNativeTarget "Tests iOS" */ = {
			isa = XCConfigurationList;
			buildConfigurations = (
				AA8498B82760042700EF02E1 /* Debug */,
				AA8498B92760042700EF02E1 /* Release */,
			);
			defaultConfigurationIsVisible = 0;
			defaultConfigurationName = Release;
		};
		AA8498BA2760042700EF02E1 /* Build configuration list for PBXNativeTarget "Tests macOS" */ = {
			isa = XCConfigurationList;
			buildConfigurations = (
				AA8498BB2760042700EF02E1 /* Debug */,
				AA8498BC2760042700EF02E1 /* Release */,
			);
			defaultConfigurationIsVisible = 0;
			defaultConfigurationName = Release;
		};
/* End XCConfigurationList section */
	};
	rootObject = AA84987C2760042400EF02E1 /* Project object */;
}
